<Solution>
  <Folder Name="/01-CSharp/">
    <Project Path="01-CSharp/Day02_Variables/Day02_Variables.csproj" Id="0762d2af-dcd9-42c6-9746-5bb9e365d428" />
  </Folder>
  <Folder Name="/01-CSharp/Day01_FirstConsoleApp/">
    <Project Path="01-CSharp/Day01_FirstConsoleApp/Day01_FirstConsoleApp/Day01_FirstConsoleApp.csproj" />
  </Folder>
  <Folder Name="/02-DSA/" />
  <Folder Name="/02-DSA/Day01_LoopsPractice/">
    <Project Path="02-DSA/Day01_LoopsPractice/Day01_LoopsPractice/Day01_LoopsPractice.csproj" />
  </Folder>
</Solution>
