<Solution>
  <Folder Name="/01-CSharp/">
    <Project Path="01-CSharp/Day02_Variables/Day02_Variables.csproj" Id="0762d2af-dcd9-42c6-9746-5bb9e365d428" />
    <Project Path="01-CSharp/Day03_Operators/Day03_Operators.csproj" Id="82c1d107-4b81-467d-8174-2678366163aa" />
    <Project Path="01-CSharp/Day04_Methods/Day04_Methods.csproj" Id="e86cd046-a870-4d59-9b89-0c6d6dfe337f" />
    <Project Path="01-CSharp/Day05_Classes/Day05_Classes.csproj" Id="838459e4-0d61-4c83-84c1-571f8153b3a2" />
    <Project Path="01-CSharp/Day06_Inheritance/Day06_Inheritance.csproj" Id="d8924f8f-71b0-4690-8fa3-cf152c1f8e43" />
    <Project Path="01-CSharp/Day07_Polymorphism/Day07_Polymorphism.csproj" Id="d3205758-9086-4b5c-b459-0d2b5cd4432c" />
    <Project Path="01-CSharp/Day08_Abstraction/Day08_Abstraction.csproj" Id="a8b36003-118b-4597-a988-a0cc96c1a629" />
    <Project Path="01-CSharp/Day09_Encapsulation/Day09_Encapsulation.csproj" Id="c41247c6-5011-4496-a6e6-83289b575556" />
    <Project Path="01-CSharp/Day10_Interfaces/Day10_Interfaces.csproj" Id="dba93d23-7b3d-4d05-887e-6fd91313b5fe" />
    <Project Path="01-CSharp/Day11_ExceptionHandling/Day11_ExceptionHandling.csproj" Id="560f22e4-13d3-416f-80d8-dab777423235" />
  </Folder>
  <Folder Name="/01-CSharp/Day01_FirstConsoleApp/">
    <Project Path="01-CSharp/Day01_FirstConsoleApp/Day01_FirstConsoleApp/Day01_FirstConsoleApp.csproj" />
  </Folder>
  <Folder Name="/02-DSA/" />
  <Folder Name="/02-DSA/Day01_LoopsPractice/">
    <Project Path="02-DSA/Day01_LoopsPractice/Day01_LoopsPractice/Day01_LoopsPractice.csproj" />
  </Folder>
</Solution>
